
Microsoft Visual Studio Solution File, Format Version 12.00
# Visual Studio 2012
Project("{FAE04EC0-301F-11D3-BF4B-00C04F79EFBC}") = "AndroidAsync", "AndroidAsync\AndroidAsync.csproj", "{9DD67C52-51A1-4FFA-AE50-1967C9E5E359}"
EndProject
Project("{FAE04EC0-301F-11D3-BF4B-00C04F79EFBC}") = "AndroidAsyncSample", "AndroidAsyncSample\AndroidAsyncSample.csproj", "{65CFF257-1D82-4C17-9068-0075A86045FC}"
EndProject
Global
	GlobalSection(SolutionConfigurationPlatforms) = preSolution
		Debug|Any CPU = Debug|Any CPU
		Release|Any CPU = Release|Any CPU
	EndGlobalSection
	GlobalSection(ProjectConfigurationPlatforms) = postSolution
		{9DD67C52-51A1-4FFA-AE50-1967C9E5E359}.Debug|Any CPU.ActiveCfg = Debug|Any CPU
		{9DD67C52-51A1-4FFA-AE50-1967C9E5E359}.Debug|Any CPU.Build.0 = Debug|Any CPU
		{9DD67C52-51A1-4FFA-AE50-1967C9E5E359}.Release|Any CPU.ActiveCfg = Release|Any CPU
		{9DD67C52-51A1-4FFA-AE50-1967C9E5E359}.Release|Any CPU.Build.0 = Release|Any CPU
		{65CFF257-1D82-4C17-9068-0075A86045FC}.Debug|Any CPU.ActiveCfg = Debug|Any CPU
		{65CFF257-1D82-4C17-9068-0075A86045FC}.Debug|Any CPU.Build.0 = Debug|Any CPU
		{65CFF257-1D82-4C17-9068-0075A86045FC}.Release|Any CPU.ActiveCfg = Release|Any CPU
		{65CFF257-1D82-4C17-9068-0075A86045FC}.Release|Any CPU.Build.0 = Release|Any CPU
	EndGlobalSection
EndGlobal
